# THIS IS AN AUTOGENERATED FILE. DO NOT EDIT THIS FILE DIRECTLY.
# yarn lockfile v1


focus-visible@^5.1.0:
  version "5.1.0"
  resolved "https://registry.yarnpkg.com/focus-visible/-/focus-visible-5.1.0.tgz#4b9d40143b865f53eafbd93ca66672b3bf9e7b6a"
  integrity sha512-nPer0rjtzdZ7csVIu233P2cUm/ks/4aVSI+5KUkYrYpgA7ujgC3p6J7FtFU+AIMWwnwYQOB/yeiOITxFeYIXiw==
